
Microsoft Visual Studio Solution File, Format Version 12.00
# Visual Studio Version 16
VisualStudioVersion = 16.0.29509.3
MinimumVisualStudioVersion = 10.0.40219.1
Project("{9A19103F-16F7-4668-BE54-9A1E7A4F7556}") = "LibAtem", "LibAtem\LibAtem\LibAtem.csproj", "{49C78F1A-770C-4203-B51A-B253259E2650}"
EndProject
Project("{9A19103F-16F7-4668-BE54-9A1E7A4F7556}") = "LibAtem.DeviceProfile", "LibAtem\LibAtem.DeviceProfile\LibAtem.DeviceProfile.csproj", "{4912B179-B422-436C-A0EC-E6F62204FCD0}"
EndProject
Project("{9A19103F-16F7-4668-BE54-9A1E7A4F7556}") = "LibAtem.Discovery", "LibAtem\LibAtem.Discovery\LibAtem.Discovery.csproj", "{5BA62B9A-552A-4E32-91F5-526EEA3CB937}"
EndProject
Project("{9A19103F-16F7-4668-BE54-9A1E7A4F7556}") = "LibAtem.State", "LibAtem\LibAtem.State\LibAtem.State.csproj", "{FEF6BE89-E064-4C46-A789-FF9D24F5561A}"
EndProject
Project("{9A19103F-16F7-4668-BE54-9A1E7A4F7556}") = "LibAtem.State.Test", "LibAtem\LibAtem.State.Test\LibAtem.State.Test.csproj", "{0F38CC8A-8199-4344-9E41-FC6EFC5A3CD1}"
EndProject
Project("{9A19103F-16F7-4668-BE54-9A1E7A4F7556}") = "LibAtem.Test", "LibAtem\LibAtem.Test\LibAtem.Test.csproj", "{12B33713-B915-4FE3-A66D-8A9900203973}"
EndProject
Project("{9A19103F-16F7-4668-BE54-9A1E7A4F7556}") = "LibAtem.XmlState", "LibAtem\LibAtem.XmlState\LibAtem.XmlState.csproj", "{1D1E7887-5C24-49C8-8D4A-A7C286525E3F}"
EndProject
Project("{9A19103F-16F7-4668-BE54-9A1E7A4F7556}") = "LibAtem.XmlState.GenerateMacroOperation", "LibAtem\LibAtem.XmlState.GenerateMacroOperation\LibAtem.XmlState.GenerateMacroOperation.csproj", "{4F5C68BD-660A-49B1-92B8-6F3564BE2CFE}"
EndProject
Project("{9A19103F-16F7-4668-BE54-9A1E7A4F7556}") = "LibAtem.XmlState.Test", "LibAtem\LibAtem.XmlState.Test\LibAtem.XmlState.Test.csproj", "{0C2AB0CB-A590-4F07-8EF3-AD8E011FA255}"
EndProject
Project("{9A19103F-16F7-4668-BE54-9A1E7A4F7556}") = "LibAtem.XmlState.TestMacroOpsGenerate", "LibAtem\LibAtem.XmlState.TestMacroOpsGenerate\LibAtem.XmlState.TestMacroOpsGenerate.csproj", "{D1FC41E1-2B98-4D76-86C1-9E52F2294EE1}"
EndProject
Project("{9A19103F-16F7-4668-BE54-9A1E7A4F7556}") = "Logger", "Logger\Logger.csproj", "{D4A91DD9-463F-4AE8-BD44-E7504023166A}"
EndProject
Project("{9A19103F-16F7-4668-BE54-9A1E7A4F7556}") = "LibAtem.MockTests", "LibAtem.MockTests\LibAtem.MockTests.csproj", "{7BE6B889-4BAA-4466-92F5-7506A79E79C5}"
EndProject
Global
	GlobalSection(SolutionConfigurationPlatforms) = preSolution
		Debug|v8.1 = Debug|v8.1
		Debug|v8.1.1 = Debug|v8.1.1
		Release|v8.1 = Release|v8.1
		Release|v8.1.1 = Release|v8.1.1
	EndGlobalSection
	GlobalSection(ProjectConfigurationPlatforms) = postSolution
		{49C78F1A-770C-4203-B51A-B253259E2650}.Debug|v8.1.ActiveCfg = Debug|Any CPU
		{49C78F1A-770C-4203-B51A-B253259E2650}.Debug|v8.1.Build.0 = Debug|Any CPU
		{49C78F1A-770C-4203-B51A-B253259E2650}.Debug|v8.1.1.ActiveCfg = Debug|Any CPU
		{49C78F1A-770C-4203-B51A-B253259E2650}.Debug|v8.1.1.Build.0 = Debug|Any CPU
		{49C78F1A-770C-4203-B51A-B253259E2650}.Release|v8.1.ActiveCfg = Release|Any CPU
		{49C78F1A-770C-4203-B51A-B253259E2650}.Release|v8.1.Build.0 = Release|Any CPU
		{49C78F1A-770C-4203-B51A-B253259E2650}.Release|v8.1.1.ActiveCfg = Release|Any CPU
		{49C78F1A-770C-4203-B51A-B253259E2650}.Release|v8.1.1.Build.0 = Release|Any CPU
		{4912B179-B422-436C-A0EC-E6F62204FCD0}.Debug|v8.1.ActiveCfg = Debug|Any CPU
		{4912B179-B422-436C-A0EC-E6F62204FCD0}.Debug|v8.1.Build.0 = Debug|Any CPU
		{4912B179-B422-436C-A0EC-E6F62204FCD0}.Debug|v8.1.1.ActiveCfg = Debug|Any CPU
		{4912B179-B422-436C-A0EC-E6F62204FCD0}.Debug|v8.1.1.Build.0 = Debug|Any CPU
		{4912B179-B422-436C-A0EC-E6F62204FCD0}.Release|v8.1.ActiveCfg = Release|Any CPU
		{4912B179-B422-436C-A0EC-E6F62204FCD0}.Release|v8.1.Build.0 = Release|Any CPU
		{4912B179-B422-436C-A0EC-E6F62204FCD0}.Release|v8.1.1.ActiveCfg = Release|Any CPU
		{4912B179-B422-436C-A0EC-E6F62204FCD0}.Release|v8.1.1.Build.0 = Release|Any CPU
		{5BA62B9A-552A-4E32-91F5-526EEA3CB937}.Debug|v8.1.ActiveCfg = Debug|Any CPU
		{5BA62B9A-552A-4E32-91F5-526EEA3CB937}.Debug|v8.1.Build.0 = Debug|Any CPU
		{5BA62B9A-552A-4E32-91F5-526EEA3CB937}.Debug|v8.1.1.ActiveCfg = Debug|Any CPU
		{5BA62B9A-552A-4E32-91F5-526EEA3CB937}.Debug|v8.1.1.Build.0 = Debug|Any CPU
		{5BA62B9A-552A-4E32-91F5-526EEA3CB937}.Release|v8.1.ActiveCfg = Release|Any CPU
		{5BA62B9A-552A-4E32-91F5-526EEA3CB937}.Release|v8.1.Build.0 = Release|Any CPU
		{5BA62B9A-552A-4E32-91F5-526EEA3CB937}.Release|v8.1.1.ActiveCfg = Release|Any CPU
		{5BA62B9A-552A-4E32-91F5-526EEA3CB937}.Release|v8.1.1.Build.0 = Release|Any CPU
		{FEF6BE89-E064-4C46-A789-FF9D24F5561A}.Debug|v8.1.ActiveCfg = Debug|Any CPU
		{FEF6BE89-E064-4C46-A789-FF9D24F5561A}.Debug|v8.1.Build.0 = Debug|Any CPU
		{FEF6BE89-E064-4C46-A789-FF9D24F5561A}.Debug|v8.1.1.ActiveCfg = Debug|Any CPU
		{FEF6BE89-E064-4C46-A789-FF9D24F5561A}.Debug|v8.1.1.Build.0 = Debug|Any CPU
		{FEF6BE89-E064-4C46-A789-FF9D24F5561A}.Release|v8.1.ActiveCfg = Release|Any CPU
		{FEF6BE89-E064-4C46-A789-FF9D24F5561A}.Release|v8.1.Build.0 = Release|Any CPU
		{FEF6BE89-E064-4C46-A789-FF9D24F5561A}.Release|v8.1.1.ActiveCfg = Release|Any CPU
		{FEF6BE89-E064-4C46-A789-FF9D24F5561A}.Release|v8.1.1.Build.0 = Release|Any CPU
		{0F38CC8A-8199-4344-9E41-FC6EFC5A3CD1}.Debug|v8.1.ActiveCfg = Debug|Any CPU
		{0F38CC8A-8199-4344-9E41-FC6EFC5A3CD1}.Debug|v8.1.Build.0 = Debug|Any CPU
		{0F38CC8A-8199-4344-9E41-FC6EFC5A3CD1}.Debug|v8.1.1.ActiveCfg = Debug|Any CPU
		{0F38CC8A-8199-4344-9E41-FC6EFC5A3CD1}.Debug|v8.1.1.Build.0 = Debug|Any CPU
		{0F38CC8A-8199-4344-9E41-FC6EFC5A3CD1}.Release|v8.1.ActiveCfg = Release|Any CPU
		{0F38CC8A-8199-4344-9E41-FC6EFC5A3CD1}.Release|v8.1.Build.0 = Release|Any CPU
		{0F38CC8A-8199-4344-9E41-FC6EFC5A3CD1}.Release|v8.1.1.ActiveCfg = Release|Any CPU
		{0F38CC8A-8199-4344-9E41-FC6EFC5A3CD1}.Release|v8.1.1.Build.0 = Release|Any CPU
		{12B33713-B915-4FE3-A66D-8A9900203973}.Debug|v8.1.ActiveCfg = Debug|Any CPU
		{12B33713-B915-4FE3-A66D-8A9900203973}.Debug|v8.1.Build.0 = Debug|Any CPU
		{12B33713-B915-4FE3-A66D-8A9900203973}.Debug|v8.1.1.ActiveCfg = Debug|Any CPU
		{12B33713-B915-4FE3-A66D-8A9900203973}.Debug|v8.1.1.Build.0 = Debug|Any CPU
		{12B33713-B915-4FE3-A66D-8A9900203973}.Release|v8.1.ActiveCfg = Release|Any CPU
		{12B33713-B915-4FE3-A66D-8A9900203973}.Release|v8.1.Build.0 = Release|Any CPU
		{12B33713-B915-4FE3-A66D-8A9900203973}.Release|v8.1.1.ActiveCfg = Release|Any CPU
		{12B33713-B915-4FE3-A66D-8A9900203973}.Release|v8.1.1.Build.0 = Release|Any CPU
		{1D1E7887-5C24-49C8-8D4A-A7C286525E3F}.Debug|v8.1.ActiveCfg = Debug|Any CPU
		{1D1E7887-5C24-49C8-8D4A-A7C286525E3F}.Debug|v8.1.Build.0 = Debug|Any CPU
		{1D1E7887-5C24-49C8-8D4A-A7C286525E3F}.Debug|v8.1.1.ActiveCfg = Debug|Any CPU
		{1D1E7887-5C24-49C8-8D4A-A7C286525E3F}.Debug|v8.1.1.Build.0 = Debug|Any CPU
		{1D1E7887-5C24-49C8-8D4A-A7C286525E3F}.Release|v8.1.ActiveCfg = Release|Any CPU
		{1D1E7887-5C24-49C8-8D4A-A7C286525E3F}.Release|v8.1.Build.0 = Release|Any CPU
		{1D1E7887-5C24-49C8-8D4A-A7C286525E3F}.Release|v8.1.1.ActiveCfg = Release|Any CPU
		{1D1E7887-5C24-49C8-8D4A-A7C286525E3F}.Release|v8.1.1.Build.0 = Release|Any CPU
		{4F5C68BD-660A-49B1-92B8-6F3564BE2CFE}.Debug|v8.1.ActiveCfg = Debug|Any CPU
		{4F5C68BD-660A-49B1-92B8-6F3564BE2CFE}.Debug|v8.1.Build.0 = Debug|Any CPU
		{4F5C68BD-660A-49B1-92B8-6F3564BE2CFE}.Debug|v8.1.1.ActiveCfg = Debug|Any CPU
		{4F5C68BD-660A-49B1-92B8-6F3564BE2CFE}.Debug|v8.1.1.Build.0 = Debug|Any CPU
		{4F5C68BD-660A-49B1-92B8-6F3564BE2CFE}.Release|v8.1.ActiveCfg = Release|Any CPU
		{4F5C68BD-660A-49B1-92B8-6F3564BE2CFE}.Release|v8.1.Build.0 = Release|Any CPU
		{4F5C68BD-660A-49B1-92B8-6F3564BE2CFE}.Release|v8.1.1.ActiveCfg = Release|Any CPU
		{4F5C68BD-660A-49B1-92B8-6F3564BE2CFE}.Release|v8.1.1.Build.0 = Release|Any CPU
		{0C2AB0CB-A590-4F07-8EF3-AD8E011FA255}.Debug|v8.1.ActiveCfg = Debug|Any CPU
		{0C2AB0CB-A590-4F07-8EF3-AD8E011FA255}.Debug|v8.1.Build.0 = Debug|Any CPU
		{0C2AB0CB-A590-4F07-8EF3-AD8E011FA255}.Debug|v8.1.1.ActiveCfg = Debug|Any CPU
		{0C2AB0CB-A590-4F07-8EF3-AD8E011FA255}.Debug|v8.1.1.Build.0 = Debug|Any CPU
		{0C2AB0CB-A590-4F07-8EF3-AD8E011FA255}.Release|v8.1.ActiveCfg = Release|Any CPU
		{0C2AB0CB-A590-4F07-8EF3-AD8E011FA255}.Release|v8.1.Build.0 = Release|Any CPU
		{0C2AB0CB-A590-4F07-8EF3-AD8E011FA255}.Release|v8.1.1.ActiveCfg = Release|Any CPU
		{0C2AB0CB-A590-4F07-8EF3-AD8E011FA255}.Release|v8.1.1.Build.0 = Release|Any CPU
		{D1FC41E1-2B98-4D76-86C1-9E52F2294EE1}.Debug|v8.1.ActiveCfg = Debug|Any CPU
		{D1FC41E1-2B98-4D76-86C1-9E52F2294EE1}.Debug|v8.1.Build.0 = Debug|Any CPU
		{D1FC41E1-2B98-4D76-86C1-9E52F2294EE1}.Debug|v8.1.1.ActiveCfg = Debug|Any CPU
		{D1FC41E1-2B98-4D76-86C1-9E52F2294EE1}.Debug|v8.1.1.Build.0 = Debug|Any CPU
		{D1FC41E1-2B98-4D76-86C1-9E52F2294EE1}.Release|v8.1.ActiveCfg = Release|Any CPU
		{D1FC41E1-2B98-4D76-86C1-9E52F2294EE1}.Release|v8.1.Build.0 = Release|Any CPU
		{D1FC41E1-2B98-4D76-86C1-9E52F2294EE1}.Release|v8.1.1.ActiveCfg = Release|Any CPU
		{D1FC41E1-2B98-4D76-86C1-9E52F2294EE1}.Release|v8.1.1.Build.0 = Release|Any CPU
		{D4A91DD9-463F-4AE8-BD44-E7504023166A}.Debug|v8.1.ActiveCfg = Debug|Any CPU
		{D4A91DD9-463F-4AE8-BD44-E7504023166A}.Debug|v8.1.Build.0 = Debug|Any CPU
		{D4A91DD9-463F-4AE8-BD44-E7504023166A}.Debug|v8.1.1.ActiveCfg = Debug|Any CPU
		{D4A91DD9-463F-4AE8-BD44-E7504023166A}.Debug|v8.1.1.Build.0 = Debug|Any CPU
		{D4A91DD9-463F-4AE8-BD44-E7504023166A}.Release|v8.1.ActiveCfg = Release|Any CPU
		{D4A91DD9-463F-4AE8-BD44-E7504023166A}.Release|v8.1.Build.0 = Release|Any CPU
		{D4A91DD9-463F-4AE8-BD44-E7504023166A}.Release|v8.1.1.ActiveCfg = Release|Any CPU
		{D4A91DD9-463F-4AE8-BD44-E7504023166A}.Release|v8.1.1.Build.0 = Release|Any CPU
		{7BE6B889-4BAA-4466-92F5-7506A79E79C5}.Debug|v8.1.ActiveCfg = Debug|v8.1
		{7BE6B889-4BAA-4466-92F5-7506A79E79C5}.Debug|v8.1.Build.0 = Debug|v8.1
		{7BE6B889-4BAA-4466-92F5-7506A79E79C5}.Debug|v8.1.1.ActiveCfg = Debug|v8.1.1
		{7BE6B889-4BAA-4466-92F5-7506A79E79C5}.Debug|v8.1.1.Build.0 = Debug|v8.1.1
		{7BE6B889-4BAA-4466-92F5-7506A79E79C5}.Release|v8.1.ActiveCfg = Release|v8.1
		{7BE6B889-4BAA-4466-92F5-7506A79E79C5}.Release|v8.1.Build.0 = Release|v8.1
		{7BE6B889-4BAA-4466-92F5-7506A79E79C5}.Release|v8.1.1.ActiveCfg = Release|v8.1.1
		{7BE6B889-4BAA-4466-92F5-7506A79E79C5}.Release|v8.1.1.Build.0 = Release|v8.1.1
	EndGlobalSection
	GlobalSection(SolutionProperties) = preSolution
		HideSolutionNode = FALSE
	EndGlobalSection
	GlobalSection(ExtensibilityGlobals) = postSolution
		SolutionGuid = {36AF9B78-56BB-4A6D-832F-75142812643F}
	EndGlobalSection
EndGlobal
